{
  "version": 4,
  "terraform_version": "1.2.1",
  "serial": 10,
  "lineage": "67effc1d-029c-ef1e-d42b-e0e403858f0f",
  "outputs": {},
  "resources": [
    {
      "mode": "data",
      "type": "aws_ami",
      "name": "ubuntu",
      "provider": "provider[\"registry.terraform.io/hashicorp/aws\"]",
      "instances": [
        {
          "schema_version": 0,
          "attributes": {
            "architecture": "x86_64",
            "arn": "arn:aws:ec2:ap-southeast-1::image/ami-059fcf742de12af88",
            "block_device_mappings": [
              {
                "device_name": "/dev/sda1",
                "ebs": {
                  "delete_on_termination": "true",
                  "encrypted": "false",
                  "iops": "0",
                  "snapshot_id": "snap-09516ec68a4b5c052",
                  "throughput": "0",
                  "volume_size": "8",
                  "volume_type": "gp2"
                },
                "no_device": "",
                "virtual_name": ""
              },
              {
                "device_name": "/dev/sdb",
                "ebs": {},
                "no_device": "",
                "virtual_name": "ephemeral0"
              },
              {
                "device_name": "/dev/sdc",
                "ebs": {},
                "no_device": "",
                "virtual_name": "ephemeral1"
              }
            ],
            "boot_mode": "",
            "creation_date": "2022-05-24T02:07:03.000Z",
            "deprecation_time": "2024-05-24T02:07:03.000Z",
            "description": "Canonical, Ubuntu, 20.04 LTS, amd64 focal image build on 2022-05-23",
            "ena_support": true,
            "executable_users": null,
            "filter": [
              {
                "name": "root-device-type",
                "values": [
                  "ebs"
                ]
              },
              {
                "name": "virtualization-type",
                "values": [
                  "hvm"
                ]
              }
            ],
            "hypervisor": "xen",
            "id": "ami-059fcf742de12af88",
            "image_id": "ami-059fcf742de12af88",
            "image_location": "099720109477/ubuntu/images/hvm-ssd/ubuntu-focal-20.04-amd64-server-20220523",
            "image_owner_alias": "",
            "image_type": "machine",
            "kernel_id": "",
            "most_recent": true,
            "name": "ubuntu/images/hvm-ssd/ubuntu-focal-20.04-amd64-server-20220523",
            "name_regex": "^.*ubuntu-focal-20.04-amd64-server-.*",
            "owner_id": "099720109477",
            "owners": [
              "099720109477"
            ],
            "platform": "",
            "platform_details": "Linux/UNIX",
            "product_codes": [],
            "public": true,
            "ramdisk_id": "",
            "root_device_name": "/dev/sda1",
            "root_device_type": "ebs",
            "root_snapshot_id": "snap-09516ec68a4b5c052",
            "sriov_net_support": "simple",
            "state": "available",
            "state_reason": {
              "code": "UNSET",
              "message": "UNSET"
            },
            "tags": {},
            "usage_operation": "RunInstances",
            "virtualization_type": "hvm"
          },
          "sensitive_attributes": []
        }
      ]
    },
    {
      "mode": "data",
      "type": "aws_caller_identity",
      "name": "current",
      "provider": "provider[\"registry.terraform.io/hashicorp/aws\"]",
      "instances": [
        {
          "schema_version": 0,
          "attributes": {
            "account_id": "364197059980",
            "arn": "arn:aws:sts::364197059980:assumed-role/AssumedRoleSEAccess/xquan@tenable.com",
            "id": "364197059980",
            "user_id": "AROAVJS6WDWGHSXCZ6BUE:xquan@tenable.com"
          },
          "sensitive_attributes": []
        }
      ]
    },
    {
      "mode": "data",
      "type": "aws_ssm_parameter",
      "name": "demo_vpc_id",
      "provider": "provider[\"registry.terraform.io/hashicorp/aws\"]",
      "instances": [
        {
          "schema_version": 0,
          "attributes": {
            "arn": "arn:aws:ssm:ap-southeast-1:364197059980:parameter/shared/vpc/vpc-demo-ses/id",
            "id": "/shared/vpc/vpc-demo-ses/id",
            "name": "/shared/vpc/vpc-demo-ses/id",
            "type": "String",
            "value": "vpc-02b30f2492819f0d4",
            "version": 1,
            "with_decryption": true
          },
          "sensitive_attributes": []
        }
      ]
    },
    {
      "mode": "data",
      "type": "aws_ssm_parameter",
      "name": "demo_vpc_private_subnets",
      "provider": "provider[\"registry.terraform.io/hashicorp/aws\"]",
      "instances": [
        {
          "schema_version": 0,
          "attributes": {
            "arn": "arn:aws:ssm:ap-southeast-1:364197059980:parameter/shared/vpc/vpc-demo-ses/private_subnets",
            "id": "/shared/vpc/vpc-demo-ses/private_subnets",
            "name": "/shared/vpc/vpc-demo-ses/private_subnets",
            "type": "String",
            "value": "[\"subnet-0bc4999c3e60ee01b\",\"subnet-0422d501e61bca984\",\"subnet-096857ceab1a6d377\"]",
            "version": 1,
            "with_decryption": true
          },
          "sensitive_attributes": []
        }
      ]
    },
    {
      "mode": "data",
      "type": "aws_ssm_parameter",
      "name": "demo_vpc_public_subnets",
      "provider": "provider[\"registry.terraform.io/hashicorp/aws\"]",
      "instances": [
        {
          "schema_version": 0,
          "attributes": {
            "arn": "arn:aws:ssm:ap-southeast-1:364197059980:parameter/shared/vpc/vpc-demo-ses/public_subnets",
            "id": "/shared/vpc/vpc-demo-ses/public_subnets",
            "name": "/shared/vpc/vpc-demo-ses/public_subnets",
            "type": "String",
            "value": "[\"subnet-0fe899ae541ff3ad8\",\"subnet-0d731b449a8b213c3\",\"subnet-0029e6fff46542e35\"]",
            "version": 1,
            "with_decryption": true
          },
          "sensitive_attributes": []
        }
      ]
    },
    {
      "mode": "managed",
      "type": "aws_instance",
      "name": "web",
      "provider": "provider[\"registry.terraform.io/hashicorp/aws\"]",
      "instances": [
        {
          "schema_version": 1,
          "attributes": {
            "ami": "ami-059fcf742de12af88",
            "arn": "arn:aws:ec2:ap-southeast-1:364197059980:instance/i-06331de70f92d5577",
            "associate_public_ip_address": false,
            "availability_zone": "ap-southeast-1b",
            "capacity_reservation_specification": [
              {
                "capacity_reservation_preference": "open",
                "capacity_reservation_target": []
              }
            ],
            "cpu_core_count": 1,
            "cpu_threads_per_core": 1,
            "credit_specification": [
              {
                "cpu_credits": "standard"
              }
            ],
            "disable_api_termination": false,
            "ebs_block_device": [],
            "ebs_optimized": false,
            "enclave_options": [
              {
                "enabled": false
              }
            ],
            "ephemeral_block_device": [],
            "get_password_data": false,
            "hibernation": false,
            "host_id": null,
            "iam_instance_profile": "",
            "id": "i-06331de70f92d5577",
            "instance_initiated_shutdown_behavior": "stop",
            "instance_state": "running",
            "instance_type": "t2.nano",
            "ipv6_address_count": 0,
            "ipv6_addresses": [],
            "key_name": "",
            "launch_template": [],
            "maintenance_options": [
              {
                "auto_recovery": "default"
              }
            ],
            "metadata_options": [
              {
                "http_endpoint": "enabled",
                "http_put_response_hop_limit": 1,
                "http_tokens": "optional",
                "instance_metadata_tags": "disabled"
              }
            ],
            "monitoring": false,
            "network_interface": [],
            "outpost_arn": "",
            "password_data": "",
            "placement_group": "",
            "placement_partition_number": null,
            "primary_network_interface_id": "eni-040ad028f8ed0c87f",
            "private_dns": "ip-10-0-11-41.ap-southeast-1.compute.internal",
            "private_ip": "10.0.11.41",
            "public_dns": "",
            "public_ip": "",
            "root_block_device": [
              {
                "delete_on_termination": true,
                "device_name": "/dev/sda1",
                "encrypted": false,
                "iops": 0,
                "kms_key_id": "",
                "tags": {
                  "createdBy": "global-ses",
                  "email": "xquan@tenable.com",
                  "environment": "demo",
                  "project": "tcs-demo-envs",
                  "userid": "AROAVJS6WDWGHSXCZ6BUE:xquan@tenable.com"
                },
                "throughput": 0,
                "volume_id": "vol-063f64ea6efa54e1c",
                "volume_size": 20,
                "volume_type": "standard"
              }
            ],
            "secondary_private_ips": [],
            "security_groups": [],
            "source_dest_check": true,
            "subnet_id": "subnet-0422d501e61bca984",
            "tags": {
              "Name": "xquan-tenable.com-ix9wnsome6ui7mtoh563lg84atp4g30t",
              "createdBy": "global-ses",
              "email": "xquan@tenable.com",
              "environment": "demo",
              "project": "tcs-demo-envs",
              "userid": "AROAVJS6WDWGHSXCZ6BUE:xquan@tenable.com"
            },
            "tags_all": {
              "Name": "xquan-tenable.com-ix9wnsome6ui7mtoh563lg84atp4g30t",
              "createdBy": "global-ses",
              "email": "xquan@tenable.com",
              "environment": "demo",
              "project": "tcs-demo-envs",
              "userid": "AROAVJS6WDWGHSXCZ6BUE:xquan@tenable.com"
            },
            "tenancy": "default",
            "timeouts": null,
            "user_data": null,
            "user_data_base64": null,
            "user_data_replace_on_change": false,
            "volume_tags": null,
            "vpc_security_group_ids": [
              "sg-09ffacc7c23d1f613"
            ]
          },
          "sensitive_attributes": [],
          "private": "eyJlMmJmYjczMC1lY2FhLTExZTYtOGY4OC0zNDM2M2JjN2M0YzAiOnsiY3JlYXRlIjo2MDAwMDAwMDAwMDAsImRlbGV0ZSI6MTIwMDAwMDAwMDAwMCwidXBkYXRlIjo2MDAwMDAwMDAwMDB9LCJzY2hlbWFfdmVyc2lvbiI6IjEifQ==",
          "dependencies": [
            "aws_security_group.web_sg",
            "data.aws_ami.ubuntu",
            "data.aws_caller_identity.current",
            "data.aws_ssm_parameter.demo_vpc_id",
            "data.aws_ssm_parameter.demo_vpc_private_subnets",
            "random_shuffle.web_subnet",
            "random_string.bucket_suffix"
          ]
        }
      ]
    },
    {
      "mode": "managed",
      "type": "aws_s3_bucket",
      "name": "bucket",
      "provider": "provider[\"registry.terraform.io/hashicorp/aws\"]",
      "instances": [
        {
          "schema_version": 0,
          "attributes": {
            "acceleration_status": "",
            "acl": null,
            "arn": "arn:aws:s3:::xquan-tenable.com-ix9wnsome6ui7mtoh563lg84atp4g30t",
            "bucket": "xquan-tenable.com-ix9wnsome6ui7mtoh563lg84atp4g30t",
            "bucket_domain_name": "xquan-tenable.com-ix9wnsome6ui7mtoh563lg84atp4g30t.s3.amazonaws.com",
            "bucket_prefix": null,
            "bucket_regional_domain_name": "xquan-tenable.com-ix9wnsome6ui7mtoh563lg84atp4g30t.s3.ap-southeast-1.amazonaws.com",
            "cors_rule": [],
            "force_destroy": false,
            "grant": [
              {
                "id": "b88c197ff89d70bc56c1705ba23b0752fe0c118e4772cbc21c7c0b44bc3cca4b",
                "permissions": [
                  "FULL_CONTROL"
                ],
                "type": "CanonicalUser",
                "uri": ""
              }
            ],
            "hosted_zone_id": "Z3O0J2DXBE1FTB",
            "id": "xquan-tenable.com-ix9wnsome6ui7mtoh563lg84atp4g30t",
            "lifecycle_rule": [],
            "logging": [],
            "object_lock_configuration": [],
            "object_lock_enabled": false,
            "policy": "",
            "region": "ap-southeast-1",
            "replication_configuration": [],
            "request_payer": "BucketOwner",
            "server_side_encryption_configuration": [],
            "tags": {
              "createdBy": "global-ses",
              "email": "xquan@tenable.com",
              "environment": "demo",
              "project": "tcs-demo-envs",
              "userid": "AROAVJS6WDWGHSXCZ6BUE:xquan@tenable.com"
            },
            "tags_all": {
              "createdBy": "global-ses",
              "email": "xquan@tenable.com",
              "environment": "demo",
              "project": "tcs-demo-envs",
              "userid": "AROAVJS6WDWGHSXCZ6BUE:xquan@tenable.com"
            },
            "versioning": [
              {
                "enabled": false,
                "mfa_delete": false
              }
            ],
            "website": [],
            "website_domain": null,
            "website_endpoint": null
          },
          "sensitive_attributes": [],
          "private": "bnVsbA==",
          "dependencies": [
            "data.aws_caller_identity.current",
            "random_string.bucket_suffix"
          ]
        }
      ]
    },
    {
      "mode": "managed",
      "type": "aws_s3_bucket_acl",
      "name": "bucket",
      "provider": "provider[\"registry.terraform.io/hashicorp/aws\"]",
      "instances": [
        {
          "schema_version": 0,
          "attributes": {
            "access_control_policy": [
              {
                "grant": [
                  {
                    "grantee": [
                      {
                        "display_name": "itsolutions+tenable-indv-apac-theater",
                        "email_address": "",
                        "id": "b88c197ff89d70bc56c1705ba23b0752fe0c118e4772cbc21c7c0b44bc3cca4b",
                        "type": "CanonicalUser",
                        "uri": ""
                      }
                    ],
                    "permission": "FULL_CONTROL"
                  }
                ],
                "owner": [
                  {
                    "display_name": "itsolutions+tenable-indv-apac-theater",
                    "id": "b88c197ff89d70bc56c1705ba23b0752fe0c118e4772cbc21c7c0b44bc3cca4b"
                  }
                ]
              }
            ],
            "acl": "private",
            "bucket": "xquan-tenable.com-ix9wnsome6ui7mtoh563lg84atp4g30t",
            "expected_bucket_owner": "",
            "id": "xquan-tenable.com-ix9wnsome6ui7mtoh563lg84atp4g30t,private"
          },
          "sensitive_attributes": [],
          "private": "bnVsbA==",
          "dependencies": [
            "aws_s3_bucket.bucket",
            "data.aws_caller_identity.current",
            "random_string.bucket_suffix"
          ]
        }
      ]
    },
    {
      "mode": "managed",
      "type": "aws_s3_bucket_public_access_block",
      "name": "bucket",
      "provider": "provider[\"registry.terraform.io/hashicorp/aws\"]",
      "instances": [
        {
          "schema_version": 0,
          "attributes": {
            "block_public_acls": false,
            "block_public_policy": false,
            "bucket": "xquan-tenable.com-ix9wnsome6ui7mtoh563lg84atp4g30t",
            "id": "xquan-tenable.com-ix9wnsome6ui7mtoh563lg84atp4g30t",
            "ignore_public_acls": false,
            "restrict_public_buckets": false
          },
          "sensitive_attributes": [],
          "private": "bnVsbA==",
          "dependencies": [
            "aws_s3_bucket.bucket",
            "data.aws_caller_identity.current",
            "random_string.bucket_suffix"
          ]
        }
      ]
    },
    {
      "mode": "managed",
      "type": "aws_security_group",
      "name": "web_sg",
      "provider": "provider[\"registry.terraform.io/hashicorp/aws\"]",
      "instances": [
        {
          "schema_version": 1,
          "attributes": {
            "arn": "arn:aws:ec2:ap-southeast-1:364197059980:security-group/sg-09ffacc7c23d1f613",
            "description": "Managed by Terraform",
            "egress": [
              {
                "cidr_blocks": [
                  "0.0.0.0/0"
                ],
                "description": "",
                "from_port": 0,
                "ipv6_cidr_blocks": [
                  "::/0"
                ],
                "prefix_list_ids": [],
                "protocol": "-1",
                "security_groups": [],
                "self": false,
                "to_port": 0
              }
            ],
            "id": "sg-09ffacc7c23d1f613",
            "ingress": [
              {
                "cidr_blocks": [
                  "0.0.0.0/0"
                ],
                "description": "Incoming HTTPS",
                "from_port": 443,
                "ipv6_cidr_blocks": [],
                "prefix_list_ids": [],
                "protocol": "tcp",
                "security_groups": [],
                "self": false,
                "to_port": 443
              },
              {
                "cidr_blocks": [
                  "0.0.0.0/0"
                ],
                "description": "Incoming SSH",
                "from_port": 22,
                "ipv6_cidr_blocks": [],
                "prefix_list_ids": [],
                "protocol": "tcp",
                "security_groups": [],
                "self": false,
                "to_port": 22
              }
            ],
            "name": "xquan-tenable.com-ix9wnsome6ui7mtoh563lg84atp4g30t",
            "name_prefix": "",
            "owner_id": "364197059980",
            "revoke_rules_on_delete": false,
            "tags": {
              "Name": "xquan-tenable.com-ix9wnsome6ui7mtoh563lg84atp4g30t",
              "createdBy": "global-ses",
              "email": "xquan@tenable.com",
              "environment": "demo",
              "project": "tcs-demo-envs",
              "userid": "AROAVJS6WDWGHSXCZ6BUE:xquan@tenable.com"
            },
            "tags_all": {
              "Name": "xquan-tenable.com-ix9wnsome6ui7mtoh563lg84atp4g30t",
              "createdBy": "global-ses",
              "email": "xquan@tenable.com",
              "environment": "demo",
              "project": "tcs-demo-envs",
              "userid": "AROAVJS6WDWGHSXCZ6BUE:xquan@tenable.com"
            },
            "timeouts": null,
            "vpc_id": "vpc-02b30f2492819f0d4"
          },
          "sensitive_attributes": [
            [
              {
                "type": "get_attr",
                "value": "vpc_id"
              }
            ]
          ],
          "private": "eyJlMmJmYjczMC1lY2FhLTExZTYtOGY4OC0zNDM2M2JjN2M0YzAiOnsiY3JlYXRlIjo2MDAwMDAwMDAwMDAsImRlbGV0ZSI6OTAwMDAwMDAwMDAwfSwic2NoZW1hX3ZlcnNpb24iOiIxIn0=",
          "dependencies": [
            "data.aws_caller_identity.current",
            "data.aws_ssm_parameter.demo_vpc_id",
            "random_string.bucket_suffix"
          ]
        }
      ]
    },
    {
      "mode": "managed",
      "type": "random_shuffle",
      "name": "web_subnet",
      "provider": "provider[\"registry.terraform.io/hashicorp/random\"]",
      "instances": [
        {
          "schema_version": 0,
          "attributes": {
            "id": "-",
            "input": [
              "subnet-0bc4999c3e60ee01b",
              "subnet-0422d501e61bca984",
              "subnet-096857ceab1a6d377"
            ],
            "keepers": null,
            "result": [
              "subnet-0422d501e61bca984"
            ],
            "result_count": 1,
            "seed": null
          },
          "sensitive_attributes": [
            [
              {
                "type": "get_attr",
                "value": "input"
              }
            ]
          ],
          "private": "bnVsbA==",
          "dependencies": [
            "data.aws_ssm_parameter.demo_vpc_private_subnets"
          ]
        }
      ]
    },
    {
      "mode": "managed",
      "type": "random_string",
      "name": "bucket_suffix",
      "provider": "provider[\"registry.terraform.io/hashicorp/random\"]",
      "instances": [
        {
          "schema_version": 1,
          "attributes": {
            "id": "ix9wnsome6ui7mtoh563lg84atp4g30t",
            "keepers": null,
            "length": 32,
            "lower": true,
            "min_lower": 0,
            "min_numeric": 0,
            "min_special": 0,
            "min_upper": 0,
            "number": true,
            "override_special": null,
            "result": "ix9wnsome6ui7mtoh563lg84atp4g30t",
            "special": false,
            "upper": false
          },
          "sensitive_attributes": [],
          "private": "eyJzY2hlbWFfdmVyc2lvbiI6IjEifQ=="
        }
      ]
    }
  ]
}
